{
  "name": "bridge",
  "version": "1.0.0",
  "lockfileVersion": 3,
  "requires": true,
  "packages": {
    "": {
      "name": "bridge",
      "version": "1.0.0",
      "license": "ISC",
      "dependencies": {
        "redis": "^5.10.0"
      },
      "devDependencies": {
        "@altv/types-client": "^16.6.0",
        "@altv/types-natives": "^16.2.1",
        "@altv/types-server": "^16.6.0",
        "@altv/types-shared": "^16.6.0",
        "@types/node": "^25.1.0",
        "typescript": "^5.9.3"
      }
    },
    "node_modules/@altv/types-client": {
      "version": "16.6.0",
      "resolved": "https://registry.npmjs.org/@altv/types-client/-/types-client-16.6.0.tgz",
      "integrity": "sha512-w8K0tdhTHO7qINQ191NKqxmOiqgSBl1SFJ1ksWEMFoRUoJge1Ga+9YG5voc6qqorytrYsgms2HyngmjcMAFVrg==",
      "dev": true,
      "license": "MIT",
      "peer": true,
      "peerDependencies": {
        "@altv/types-shared": "^16.4.1",
        "@altv/types-worker": "^16.4.1"
      }
    },
    "node_modules/@altv/types-natives": {
      "version": "16.2.1",
      "resolved": "https://registry.npmjs.org/@altv/types-natives/-/types-natives-16.2.1.tgz",
      "integrity": "sha512-V3VrJrB7HP+rG/SDPZHaR1enASGuWqXtcDQixa+CxwFeFH7GxeqH0qhdD1F8SH3NsiKg5CGvVsUulHEO5KkzBA==",
      "dev": true,
      "license": "MIT",
      "peerDependencies": {
        "@altv/types-client": "^16.2.0"
      }
    },
    "node_modules/@altv/types-server": {
      "version": "16.6.0",
      "resolved": "https://registry.npmjs.org/@altv/types-server/-/types-server-16.6.0.tgz",
      "integrity": "sha512-2uD1mjIwf2Sje/BI+3nSlXx9Q+x9GQ66jpCzZctYY14F9VOXqX5+kZk6jRSv31veCMV+yGubuj0l1kIrBTncPg==",
      "dev": true,
      "license": "MIT",
      "peerDependencies": {
        "@altv/types-shared": "^16.4.1"
      }
    },
    "node_modules/@altv/types-shared": {
      "version": "16.6.0",
      "resolved": "https://registry.npmjs.org/@altv/types-shared/-/types-shared-16.6.0.tgz",
      "integrity": "sha512-N9WP/OW9Mofs7EgRrsP/eGQPeClk0E0T+wjBZj6Aqkabu/47ONtYp23x829k4EqRwXr7eJ6BvQDoyK9cIuKZ/g==",
      "dev": true,
      "license": "MIT",
      "peer": true
    },
    "node_modules/@altv/types-worker": {
      "version": "16.6.0",
      "resolved": "https://registry.npmjs.org/@altv/types-worker/-/types-worker-16.6.0.tgz",
      "integrity": "sha512-w7YlaixhhhODA6+6SS1owH4lYYrQJsRBx1OadGu47iuSXY+Xp6J7GBhn74vhA4vEsRFq2hCyRKIXBPO9fRRF/A==",
      "dev": true,
      "license": "MIT",
      "peer": true,
      "peerDependencies": {
        "@altv/types-client": "^16.4.1"
      }
    },
    "node_modules/@redis/bloom": {
      "version": "5.10.0",
      "resolved": "https://registry.npmjs.org/@redis/bloom/-/bloom-5.10.0.tgz",
      "integrity": "sha512-doIF37ob+l47n0rkpRNgU8n4iacBlKM9xLiP1LtTZTvz8TloJB8qx/MgvhMhKdYG+CvCY2aPBnN2706izFn/4A==",
      "license": "MIT",
      "engines": {
        "node": ">= 18"
      },
      "peerDependencies": {
        "@redis/client": "^5.10.0"
      }
    },
    "node_modules/@redis/client": {
      "version": "5.10.0",
      "resolved": "https://registry.npmjs.org/@redis/client/-/client-5.10.0.tgz",
      "integrity": "sha512-JXmM4XCoso6C75Mr3lhKA3eNxSzkYi3nCzxDIKY+YOszYsJjuKbFgVtguVPbLMOttN4iu2fXoc2BGhdnYhIOxA==",
      "license": "MIT",
      "peer": true,
      "dependencies": {
        "cluster-key-slot": "1.1.2"
      },
      "engines": {
        "node": ">= 18"
      }
    },
    "node_modules/@redis/json": {
      "version": "5.10.0",
      "resolved": "https://registry.npmjs.org/@redis/json/-/json-5.10.0.tgz",
      "integrity": "sha512-B2G8XlOmTPUuZtD44EMGbtoepQG34RCDXLZbjrtON1Djet0t5Ri7/YPXvL9aomXqP8lLTreaprtyLKF4tmXEEA==",
      "license": "MIT",
      "engines": {
        "node": ">= 18"
      },
      "peerDependencies": {
        "@redis/client": "^5.10.0"
      }
    },
    "node_modules/@redis/search": {
      "version": "5.10.0",
      "resolved": "https://registry.npmjs.org/@redis/search/-/search-5.10.0.tgz",
      "integrity": "sha512-3SVcPswoSfp2HnmWbAGUzlbUPn7fOohVu2weUQ0S+EMiQi8jwjL+aN2p6V3TI65eNfVsJ8vyPvqWklm6H6esmg==",
      "license": "MIT",
      "engines": {
        "node": ">= 18"
      },
      "peerDependencies": {
        "@redis/client": "^5.10.0"
      }
    },
    "node_modules/@redis/time-series": {
      "version": "5.10.0",
      "resolved": "https://registry.npmjs.org/@redis/time-series/-/time-series-5.10.0.tgz",
      "integrity": "sha512-cPkpddXH5kc/SdRhF0YG0qtjL+noqFT0AcHbQ6axhsPsO7iqPi1cjxgdkE9TNeKiBUUdCaU1DbqkR/LzbzPBhg==",
      "license": "MIT",
      "engines": {
        "node": ">= 18"
      },
      "peerDependencies": {
        "@redis/client": "^5.10.0"
      }
    },
    "node_modules/@types/node": {
      "version": "25.1.0",
      "resolved": "https://registry.npmjs.org/@types/node/-/node-25.1.0.tgz",
      "integrity": "sha512-t7frlewr6+cbx+9Ohpl0NOTKXZNV9xHRmNOvql47BFJKcEG1CxtxlPEEe+gR9uhVWM4DwhnvTF110mIL4yP9RA==",
      "dev": true,
      "license": "MIT",
      "dependencies": {
        "undici-types": "~7.16.0"
      }
    },
    "node_modules/cluster-key-slot": {
      "version": "1.1.2",
      "resolved": "https://registry.npmjs.org/cluster-key-slot/-/cluster-key-slot-1.1.2.tgz",
      "integrity": "sha512-RMr0FhtfXemyinomL4hrWcYJxmX6deFdCxpJzhDttxgO1+bcCnkk+9drydLVDmAMG7NE6aN/fl4F7ucU/90gAA==",
      "license": "Apache-2.0",
      "engines": {
        "node": ">=0.10.0"
      }
    },
    "node_modules/redis": {
      "version": "5.10.0",
      "resolved": "https://registry.npmjs.org/redis/-/redis-5.10.0.tgz",
      "integrity": "sha512-0/Y+7IEiTgVGPrLFKy8oAEArSyEJkU0zvgV5xyi9NzNQ+SLZmyFbUsWIbgPcd4UdUh00opXGKlXJwMmsis5Byw==",
      "license": "MIT",
      "dependencies": {
        "@redis/bloom": "5.10.0",
        "@redis/client": "5.10.0",
        "@redis/json": "5.10.0",
        "@redis/search": "5.10.0",
        "@redis/time-series": "5.10.0"
      },
      "engines": {
        "node": ">= 18"
      }
    },
    "node_modules/typescript": {
      "version": "5.9.3",
      "resolved": "https://registry.npmjs.org/typescript/-/typescript-5.9.3.tgz",
      "integrity": "sha512-jl1vZzPDinLr9eUt3J/t7V6FgNEw9QjvBPdysz9KfQDD41fQrC2Y4vKQdiaUpFT4bXlb1RHhLpp8wtm6M5TgSw==",
      "dev": true,
      "license": "Apache-2.0",
      "bin": {
        "tsc": "bin/tsc",
        "tsserver": "bin/tsserver"
      },
      "engines": {
        "node": ">=14.17"
      }
    },
    "node_modules/undici-types": {
      "version": "7.16.0",
      "resolved": "https://registry.npmjs.org/undici-types/-/undici-types-7.16.0.tgz",
      "integrity": "sha512-Zz+aZWSj8LE6zoxD+xrjh4VfkIG8Ya6LvYkZqtUQGJPZjYl53ypCaUwWqo7eI0x66KBGeRo+mlBEkMSeSZ38Nw==",
      "dev": true,
      "license": "MIT"
    }
  }
}
